<?xml version="1.0" encoding="utf-8"?>
<Project ToolsVersion="4.0" xmlns="http://schemas.microsoft.com/developer/msbuild/2003">
  <ItemGroup>
    <Filter Include="Source Files">
      <UniqueIdentifier>{4FC737F1-C7A5-4376-A066-2A32D752A2FF}</UniqueIdentifier>
      <Extensions>cpp;c;cc;cxx;def;odl;idl;hpj;bat;asm;asmx</Extensions>
    </Filter>
    <Filter Include="Header Files">
      <UniqueIdentifier>{93995380-89BD-4b04-88EB-625FBE52EBFB}</UniqueIdentifier>
      <Extensions>h;hh;hpp;hxx;hm;inl;inc;xsd</Extensions>
    </Filter>
    <Filter Include="Resource Files">
      <UniqueIdentifier>{67DA6AB6-F800-4c08-8B7A-83BB121AAD01}</UniqueIdentifier>
      <Extensions>rc;ico;cur;bmp;dlg;rc2;rct;bin;rgs;gif;jpg;jpeg;jpe;resx;tiff;tif;png;wav;mfcribbon-ms</Extensions>
    </Filter>
    <Filter Include="Resource Files\RuntimeLib">
      <UniqueIdentifier>{3cfe06e3-ca20-4984-b470-e12a00447fa0}</UniqueIdentifier>
    </Filter>
    <Filter Include="Resource Files\RuntimeLib\Specification">
      <UniqueIdentifier>{67d03e05-e1fc-4120-9b56-cbb22babfd97}</UniqueIdentifier>
    </Filter>
    <Filter Include="Resource Files\RuntimeLib\Specification\Record">
      <UniqueIdentifier>{13039add-dce3-4db6-a580-28b6e78ee6af}</UniqueIdentifier>
    </Filter>
    <Filter Include="Resource Files\RuntimeLib\JSValue">
      <UniqueIdentifier>{71ba6fba-d0e3-4ccb-b4be-82a811d30af7}</UniqueIdentifier>
    </Filter>
  </ItemGroup>
  <ItemGroup>
    <Text Include="ReadMe.txt" />
  </ItemGroup>
  <ItemGroup>
    <ClInclude Include="stdafx.h">
      <Filter>Header Files</Filter>
    </ClInclude>
    <ClInclude Include="targetver.h">
      <Filter>Header Files</Filter>
    </ClInclude>
    <ClInclude Include="..\..\AST\AstExpression.h">
      <Filter>Header Files</Filter>
    </ClInclude>
    <ClInclude Include="..\..\AST\AstNode.h">
      <Filter>Header Files</Filter>
    </ClInclude>
    <ClInclude Include="..\..\AST\AstScript.h">
      <Filter>Header Files</Filter>
    </ClInclude>
    <ClInclude Include="..\..\AST\AstStatement.h">
      <Filter>Header Files</Filter>
    </ClInclude>
    <ClInclude Include="..\..\RuntimeLib\SpecificationType\LexicalEnvironment.h">
      <Filter>Resource Files\RuntimeLib\Specification</Filter>
    </ClInclude>
    <ClInclude Include="..\..\RuntimeLib\SpecificationType\Reference.h">
      <Filter>Resource Files\RuntimeLib\Specification</Filter>
    </ClInclude>
    <ClInclude Include="..\..\RuntimeLib\SpecificationType\SpecificationType.h">
      <Filter>Resource Files\RuntimeLib\Specification</Filter>
    </ClInclude>
    <ClInclude Include="..\..\RuntimeLib\SpecificationType\Record\DeclarativeEnvironmentRecord.h">
      <Filter>Resource Files\RuntimeLib\Specification\Record</Filter>
    </ClInclude>
    <ClInclude Include="..\..\RuntimeLib\SpecificationType\Record\EnvironmentRecord.h">
      <Filter>Resource Files\RuntimeLib\Specification\Record</Filter>
    </ClInclude>
    <ClInclude Include="..\..\RuntimeLib\SpecificationType\Record\Record.h">
      <Filter>Resource Files\RuntimeLib\Specification\Record</Filter>
    </ClInclude>
    <ClInclude Include="..\..\parser.h">
      <Filter>Source Files</Filter>
    </ClInclude>
    <ClInclude Include="..\..\RuntimeLib\JSValue\JSValue.h">
      <Filter>Resource Files\RuntimeLib\JSValue</Filter>
    </ClInclude>
    <ClInclude Include="..\..\RuntimeLib\Operation.h">
      <Filter>Resource Files\RuntimeLib</Filter>
    </ClInclude>
    <ClInclude Include="..\..\RuntimeLib\RuntimeSemantic.h">
      <Filter>Resource Files\RuntimeLib</Filter>
    </ClInclude>
    <ClInclude Include="..\..\RuntimeLib\Type.h">
      <Filter>Resource Files\RuntimeLib</Filter>
    </ClInclude>
  </ItemGroup>
  <ItemGroup>
    <ClCompile Include="stdafx.cpp">
      <Filter>Source Files</Filter>
    </ClCompile>
    <ClCompile Include="..\..\RuntimeLib\SpecificationType\Reference.cpp">
      <Filter>Resource Files\RuntimeLib\Specification</Filter>
    </ClCompile>
    <ClCompile Include="..\..\RuntimeLib\SpecificationType\Record\DeclarativeEnvironmentRecord.cpp">
      <Filter>Resource Files\RuntimeLib\Specification\Record</Filter>
    </ClCompile>
    <ClCompile Include="..\..\main.cpp">
      <Filter>Source Files</Filter>
    </ClCompile>
    <ClCompile Include="..\..\scanner.cpp">
      <Filter>Source Files</Filter>
    </ClCompile>
    <ClCompile Include="..\..\parser.cpp">
      <Filter>Source Files</Filter>
    </ClCompile>
    <ClCompile Include="..\..\RuntimeLib\JSValue\BooleanValue.cpp">
      <Filter>Resource Files\RuntimeLib\JSValue</Filter>
    </ClCompile>
    <ClCompile Include="..\..\RuntimeLib\JSValue\JSValue.cpp">
      <Filter>Resource Files\RuntimeLib\JSValue</Filter>
    </ClCompile>
    <ClCompile Include="..\..\RuntimeLib\JSValue\NullValue.cpp">
      <Filter>Resource Files\RuntimeLib\JSValue</Filter>
    </ClCompile>
    <ClCompile Include="..\..\RuntimeLib\JSValue\NumberValue.cpp">
      <Filter>Resource Files\RuntimeLib\JSValue</Filter>
    </ClCompile>
    <ClCompile Include="..\..\RuntimeLib\JSValue\ObjectValue.cpp">
      <Filter>Resource Files\RuntimeLib\JSValue</Filter>
    </ClCompile>
    <ClCompile Include="..\..\RuntimeLib\JSValue\StringValue.cpp">
      <Filter>Resource Files\RuntimeLib\JSValue</Filter>
    </ClCompile>
    <ClCompile Include="..\..\RuntimeLib\JSValue\UndefinedValue.cpp">
      <Filter>Resource Files\RuntimeLib\JSValue</Filter>
    </ClCompile>
    <ClCompile Include="..\..\RuntimeLib\Operation.cpp">
      <Filter>Resource Files\RuntimeLib</Filter>
    </ClCompile>
  </ItemGroup>
  <ItemGroup>
    <Flex Include="..\..\scanner.l">
      <Filter>Source Files</Filter>
    </Flex>
  </ItemGroup>
  <ItemGroup>
    <Bison Include="..\..\parser.y">
      <Filter>Source Files</Filter>
    </Bison>
  </ItemGroup>
  <ItemGroup>
    <None Include="..\..\Test.js">
      <Filter>Source Files</Filter>
    </None>
  </ItemGroup>
</Project>